<?xml version="1.0" encoding="utf-8"?>
<Project ToolsVersion="4.0" xmlns="http://schemas.microsoft.com/developer/msbuild/2003">
  <ItemGroup>
    <ClCompile Include="imgui_impl_dx11.cpp" />
    <ClCompile Include="imgui_impl_win32.cpp" />
    <ClCompile Include="imgui-docking\imgui_draw.cpp" />
    <ClCompile Include="imgui-docking\imgui_widgets.cpp" />
    <ClCompile Include="imgui-docking\imgui.cpp" />
    <ClCompile Include="imgui-docking\imgui_demo.cpp" />
    <ClCompile Include="main1.cpp" />
  </ItemGroup>
  <ItemGroup>
    <Natvis Include="imgui-docking\misc\natvis\imgui.natvis" />
  </ItemGroup>
  <ItemGroup>
    <ClInclude Include="imgui_impl_dx11.h" />
    <ClInclude Include="imgui_impl_win32.h" />
    <ClInclude Include="imgui-docking\imgui_internal.h" />
    <ClInclude Include="imgui-docking\imstb_rectpack.h" />
    <ClInclude Include="imgui-docking\imstb_textedit.h" />
    <ClInclude Include="imgui-docking\imstb_truetype.h" />
    <ClInclude Include="imgui-docking\imconfig.h" />
    <ClInclude Include="imgui-docking\imgui.h" />
  </ItemGroup>
  <ItemGroup>
    <None Include="main.cpp" />
  </ItemGroup>
</Project>