<?xml version="1.0" encoding="utf-8"?>
<Project ToolsVersion="4.0" xmlns="http://schemas.microsoft.com/developer/msbuild/2003">
  <ItemGroup>
    <ClCompile Include="imgui-docking\imgui.cpp">
      <Filter>imgui</Filter>
    </ClCompile>
    <ClCompile Include="imgui-docking\imgui_demo.cpp">
      <Filter>imgui</Filter>
    </ClCompile>
    <ClCompile Include="imgui-docking\imgui_draw.cpp">
      <Filter>imgui</Filter>
    </ClCompile>
    <ClCompile Include="imgui_impl_dx11.cpp">
      <Filter>imgui</Filter>
    </ClCompile>
    <ClCompile Include="imgui_impl_win32.cpp">
      <Filter>imgui</Filter>
    </ClCompile>
    <ClCompile Include="imgui-docking\imgui_widgets.cpp">
      <Filter>imgui</Filter>
    </ClCompile>
    <ClCompile Include="main.cpp" />
    <ClCompile Include="mj_d3d11.cpp" />
    <ClCompile Include="mj_win32_utils.cpp" />
    <ClCompile Include="mj_input.cpp" />
    <ClCompile Include="camera.cpp" />
    <ClCompile Include="game.cpp" />
    <ClCompile Include="mj_raytracer_hlsl.cpp" />
    <ClCompile Include="tracy\TracyClient.cpp" />
  </ItemGroup>
  <ItemGroup>
    <ClInclude Include="imgui-docking\imconfig.h">
      <Filter>imgui</Filter>
    </ClInclude>
    <ClInclude Include="imgui-docking\imgui.h">
      <Filter>imgui</Filter>
    </ClInclude>
    <ClInclude Include="imgui_impl_dx11.h">
      <Filter>imgui</Filter>
    </ClInclude>
    <ClInclude Include="imgui_impl_win32.h">
      <Filter>imgui</Filter>
    </ClInclude>
    <ClInclude Include="imgui-docking\imgui_internal.h">
      <Filter>imgui</Filter>
    </ClInclude>
    <ClInclude Include="imgui-docking\imstb_rectpack.h">
      <Filter>imgui</Filter>
    </ClInclude>
    <ClInclude Include="imgui-docking\imstb_textedit.h">
      <Filter>imgui</Filter>
    </ClInclude>
    <ClInclude Include="imgui-docking\imstb_truetype.h">
      <Filter>imgui</Filter>
    </ClInclude>
    <ClInclude Include="mj_d3d11.h" />
    <ClInclude Include="mj_raytracer.h" />
    <ClInclude Include="mj_common.h" />
    <ClInclude Include="mj_win32_utils.h" />
    <ClInclude Include="mj_input.h" />
    <ClInclude Include="camera.h" />
    <ClInclude Include="game.h" />
    <ClInclude Include="mj_raytracer_hlsl.h" />
    <ClInclude Include="resource.h" />
    <ClInclude Include="DDS.h" />
  </ItemGroup>
  <ItemGroup>
    <Filter Include="imgui">
      <UniqueIdentifier>{d920bb68-22fe-42cd-a61d-bae75736a4bb}</UniqueIdentifier>
    </Filter>
  </ItemGroup>
  <ItemGroup>
    <FxCompile Include="VSQuadOut.hlsl" />
    <FxCompile Include="PSQuadOut.hlsl" />
    <FxCompile Include="CSRaytracer.hlsl" />
  </ItemGroup>
  <ItemGroup>
    <ResourceCompile Include="raycaster-fps.rc" />
  </ItemGroup>
</Project>