<?xml version="1.0" encoding="utf-8"?>
<Project ToolsVersion="4.0" xmlns="http://schemas.microsoft.com/developer/msbuild/2003">
  <ItemGroup>
    <ClCompile Include="..\..\3rdparty\tracy\TracyClient.cpp" />
    <ClCompile Include="..\..\src\client\main.cpp" />
    <ClCompile Include="..\..\3rdparty\imgui\imgui.cpp">
      <Filter>imgui</Filter>
    </ClCompile>
    <ClCompile Include="..\..\3rdparty\imgui\imgui_demo.cpp">
      <Filter>imgui</Filter>
    </ClCompile>
    <ClCompile Include="..\..\3rdparty\imgui\imgui_draw.cpp">
      <Filter>imgui</Filter>
    </ClCompile>
    <ClCompile Include="..\..\3rdparty\imgui\imgui_widgets.cpp">
      <Filter>imgui</Filter>
    </ClCompile>
    <ClCompile Include="..\..\src\client\imgui_impl_bgfx.cpp" />
    <ClCompile Include="..\..\src\client\mj_input.cpp" />
    <ClCompile Include="..\..\src\client\raytracer.cpp" />
    <ClCompile Include="..\..\src\client\mj_win32.cpp" />
    <ClCompile Include="..\..\src\client\camera.cpp" />
    <ClCompile Include="..\..\src\client\rasterizer.cpp" />
    <ClCompile Include="..\..\src\client\game.cpp" />
  </ItemGroup>
  <ItemGroup>
    <ClInclude Include="..\..\src\client\logo.h" />
    <ClInclude Include="..\..\3rdparty\imgui\imconfig.h">
      <Filter>imgui</Filter>
    </ClInclude>
    <ClInclude Include="..\..\3rdparty\imgui\imgui.h">
      <Filter>imgui</Filter>
    </ClInclude>
    <ClInclude Include="..\..\3rdparty\imgui\imgui_internal.h">
      <Filter>imgui</Filter>
    </ClInclude>
    <ClInclude Include="..\..\3rdparty\imgui\imstb_rectpack.h">
      <Filter>imgui</Filter>
    </ClInclude>
    <ClInclude Include="..\..\3rdparty\imgui\imstb_textedit.h">
      <Filter>imgui</Filter>
    </ClInclude>
    <ClInclude Include="..\..\3rdparty\imgui\imstb_truetype.h">
      <Filter>imgui</Filter>
    </ClInclude>
    <ClInclude Include="..\..\src\client\imgui_impl_bgfx.h" />
    <ClInclude Include="..\..\src\client\vs_imgui_image.bin.h" />
    <ClInclude Include="..\..\src\client\vs_ocornut_imgui.bin.h" />
    <ClInclude Include="..\..\src\client\mj_common.h" />
    <ClInclude Include="..\..\src\client\mj_input.h" />
    <ClInclude Include="..\..\src\client\raytracer.h" />
    <ClInclude Include="..\..\src\client\mj_platform.h" />
    <ClInclude Include="..\..\src\client\mj_win32.h" />
    <ClInclude Include="..\..\src\client\camera.h" />
    <ClInclude Include="..\..\src\client\generated\text.h">
      <Filter>generated</Filter>
    </ClInclude>
    <ClInclude Include="..\..\src\client\rasterizer.h" />
    <ClInclude Include="..\..\src\client\game.h" />
  </ItemGroup>
  <ItemGroup>
    <Filter Include="imgui">
      <UniqueIdentifier>{25e4d3cc-f8b3-4b6d-926d-c15ad3e3018a}</UniqueIdentifier>
    </Filter>
    <Filter Include="shaders">
      <UniqueIdentifier>{5dad4c73-c242-47a2-ba69-657c2e88e02e}</UniqueIdentifier>
    </Filter>
    <Filter Include="shaders\screen_triangle">
      <UniqueIdentifier>{1bbdb65d-86d2-4f1e-a194-6185614b6f01}</UniqueIdentifier>
    </Filter>
    <Filter Include="shaders\raytracer">
      <UniqueIdentifier>{0a544aed-dffd-4fa2-a212-45f60ee39239}</UniqueIdentifier>
    </Filter>
    <Filter Include="shaders\imgui">
      <UniqueIdentifier>{ba57d6d9-f181-49a2-99b3-c7396074f0a1}</UniqueIdentifier>
    </Filter>
    <Filter Include="generated">
      <UniqueIdentifier>{4fd46164-bf2f-4df2-9537-ec37336c7ac7}</UniqueIdentifier>
    </Filter>
  </ItemGroup>
  <ItemGroup>
    <None Include="..\..\src\client\vs_imgui_image.sc" />
    <None Include="..\..\src\client\vs_ocornut_imgui.sc" />
    <None Include="..\..\src\client\shaders\raytracer\cs_raytracer.sc">
      <Filter>shaders\raytracer</Filter>
    </None>
    <None Include="..\..\src\client\shaders\screen_triangle\varying.def.sc">
      <Filter>shaders\screen_triangle</Filter>
    </None>
    <None Include="..\..\src\client\shaders\screen_triangle\vs_screen_triangle.sc">
      <Filter>shaders\screen_triangle</Filter>
    </None>
    <None Include="..\..\src\client\shaders\screen_triangle\fs_screen_triangle.sc">
      <Filter>shaders\screen_triangle</Filter>
    </None>
    <None Include="..\..\src\client\shaders\imgui\varying.def.sc">
      <Filter>shaders\imgui</Filter>
    </None>
    <None Include="..\..\src\client\shaders\imgui\vs_imgui_image.sc">
      <Filter>shaders\imgui</Filter>
    </None>
    <None Include="..\..\src\client\shaders\imgui\vs_ocornut_imgui.sc">
      <Filter>shaders\imgui</Filter>
    </None>
    <None Include="..\..\src\client\shaders\imgui\fs_imgui_image.sc">
      <Filter>shaders\imgui</Filter>
    </None>
    <None Include="..\..\src\client\shaders\imgui\fs_ocornut_imgui.sc">
      <Filter>shaders\imgui</Filter>
    </None>
  </ItemGroup>
</Project>